
Microsoft Visual Studio Solution File, Format Version 12.00
# Visual Studio Version 17
VisualStudioVersion = 17.14.36221.1
MinimumVisualStudioVersion = 10.0.40219.1
Project("{FAE04EC0-301F-11D3-BF4B-00C04F79EFBC}") = "SurveyBasket", "SurveyBasket.csproj", "{0DF20F66-0FE6-E3A4-255B-044E66DF0621}"
EndProject
Project("{FAE04EC0-301F-11D3-BF4B-00C04F79EFBC}") = "GeneratePasswordHasher", "..\GeneratePasswordHasher\GeneratePasswordHasher.csproj", "{9665CF52-D841-481C-9D3B-5FEBE3F969F6}"
EndProject
Global
	GlobalSection(SolutionConfigurationPlatforms) = preSolution
		Debug|Any CPU = Debug|Any CPU
		Release|Any CPU = Release|Any CPU
	EndGlobalSection
	GlobalSection(ProjectConfigurationPlatforms) = postSolution
		{0DF20F66-0FE6-E3A4-255B-044E66DF0621}.Debug|Any CPU.ActiveCfg = Debug|Any CPU
		{0DF20F66-0FE6-E3A4-255B-044E66DF0621}.Debug|Any CPU.Build.0 = Debug|Any CPU
		{0DF20F66-0FE6-E3A4-255B-044E66DF0621}.Release|Any CPU.ActiveCfg = Release|Any CPU
		{0DF20F66-0FE6-E3A4-255B-044E66DF0621}.Release|Any CPU.Build.0 = Release|Any CPU
		{9665CF52-D841-481C-9D3B-5FEBE3F969F6}.Debug|Any CPU.ActiveCfg = Debug|Any CPU
		{9665CF52-D841-481C-9D3B-5FEBE3F969F6}.Debug|Any CPU.Build.0 = Debug|Any CPU
		{9665CF52-D841-481C-9D3B-5FEBE3F969F6}.Release|Any CPU.ActiveCfg = Release|Any CPU
		{9665CF52-D841-481C-9D3B-5FEBE3F969F6}.Release|Any CPU.Build.0 = Release|Any CPU
	EndGlobalSection
	GlobalSection(SolutionProperties) = preSolution
		HideSolutionNode = FALSE
	EndGlobalSection
	GlobalSection(ExtensibilityGlobals) = postSolution
		SolutionGuid = {F356017E-0890-4768-9112-D85E3FC5B2D1}
	EndGlobalSection
EndGlobal
